
Microsoft Visual Studio Solution File, Format Version 12.00
# Visual Studio 2015
Project("{FAE04EC0-301F-11D3-BF4B-00C04F79EFBC}") = "FieryOcean_copy.Plugins", "FieryOcean_copy.Plugins.csproj", "{81111102-5E14-0E2D-2C03-AE88B89DEE44}"
EndProject
Project("{FAE04EC0-301F-11D3-BF4B-00C04F79EFBC}") = "FieryOcean_copy", "FieryOcean_copy.csproj", "{49423304-B419-F671-E494-03EE08F46F1F}"
EndProject
Project("{FAE04EC0-301F-11D3-BF4B-00C04F79EFBC}") = "FieryOcean_copy.Editor", "FieryOcean_copy.Editor.csproj", "{A88532FA-3948-523F-9C77-AFE7F40DCF11}"
EndProject
Global
	GlobalSection(SolutionConfigurationPlatforms) = preSolution
		Debug|Any CPU = Debug|Any CPU
		Release|Any CPU = Release|Any CPU
	EndGlobalSection
	GlobalSection(ProjectConfigurationPlatforms) = postSolution
		{81111102-5E14-0E2D-2C03-AE88B89DEE44}.Debug|Any CPU.ActiveCfg = Debug|Any CPU
		{81111102-5E14-0E2D-2C03-AE88B89DEE44}.Debug|Any CPU.Build.0 = Debug|Any CPU
		{81111102-5E14-0E2D-2C03-AE88B89DEE44}.Release|Any CPU.ActiveCfg = Release|Any CPU
		{81111102-5E14-0E2D-2C03-AE88B89DEE44}.Release|Any CPU.Build.0 = Release|Any CPU
		{49423304-B419-F671-E494-03EE08F46F1F}.Debug|Any CPU.ActiveCfg = Debug|Any CPU
		{49423304-B419-F671-E494-03EE08F46F1F}.Debug|Any CPU.Build.0 = Debug|Any CPU
		{49423304-B419-F671-E494-03EE08F46F1F}.Release|Any CPU.ActiveCfg = Release|Any CPU
		{49423304-B419-F671-E494-03EE08F46F1F}.Release|Any CPU.Build.0 = Release|Any CPU
		{A88532FA-3948-523F-9C77-AFE7F40DCF11}.Debug|Any CPU.ActiveCfg = Debug|Any CPU
		{A88532FA-3948-523F-9C77-AFE7F40DCF11}.Debug|Any CPU.Build.0 = Debug|Any CPU
		{A88532FA-3948-523F-9C77-AFE7F40DCF11}.Release|Any CPU.ActiveCfg = Release|Any CPU
		{A88532FA-3948-523F-9C77-AFE7F40DCF11}.Release|Any CPU.Build.0 = Release|Any CPU
	EndGlobalSection
	GlobalSection(SolutionProperties) = preSolution
		HideSolutionNode = FALSE
	EndGlobalSection
EndGlobal
