
Microsoft Visual Studio Solution File, Format Version 11.00
# Visual Studio 2010
Project("{FAE04EC0-301F-11D3-BF4B-00C04F79EFBC}") = "FieryOcean", "Assembly-CSharp.csproj", "{92A3DFA7-D6A7-97A7-A663-6F304C50C547}"
EndProject
Project("{FAE04EC0-301F-11D3-BF4B-00C04F79EFBC}") = "FieryOcean", "Assembly-CSharp-firstpass.csproj", "{8240CB7D-073D-1005-E0C5-E4FE78947685}"
EndProject
Project("{FAE04EC0-301F-11D3-BF4B-00C04F79EFBC}") = "FieryOcean", "Assembly-CSharp-Editor.csproj", "{8DF6CD9B-09C6-392C-B2EA-2D462949E397}"
EndProject
Global
	GlobalSection(SolutionConfigurationPlatforms) = preSolution
		Debug|Any CPU = Debug|Any CPU
		Release|Any CPU = Release|Any CPU
	EndGlobalSection
	GlobalSection(ProjectConfigurationPlatforms) = postSolution
		{92A3DFA7-D6A7-97A7-A663-6F304C50C547}.Debug|Any CPU.ActiveCfg = Debug|Any CPU
		{92A3DFA7-D6A7-97A7-A663-6F304C50C547}.Debug|Any CPU.Build.0 = Debug|Any CPU
		{92A3DFA7-D6A7-97A7-A663-6F304C50C547}.Release|Any CPU.ActiveCfg = Release|Any CPU
		{92A3DFA7-D6A7-97A7-A663-6F304C50C547}.Release|Any CPU.Build.0 = Release|Any CPU
		{8240CB7D-073D-1005-E0C5-E4FE78947685}.Debug|Any CPU.ActiveCfg = Debug|Any CPU
		{8240CB7D-073D-1005-E0C5-E4FE78947685}.Debug|Any CPU.Build.0 = Debug|Any CPU
		{8240CB7D-073D-1005-E0C5-E4FE78947685}.Release|Any CPU.ActiveCfg = Release|Any CPU
		{8240CB7D-073D-1005-E0C5-E4FE78947685}.Release|Any CPU.Build.0 = Release|Any CPU
		{8DF6CD9B-09C6-392C-B2EA-2D462949E397}.Debug|Any CPU.ActiveCfg = Debug|Any CPU
		{8DF6CD9B-09C6-392C-B2EA-2D462949E397}.Debug|Any CPU.Build.0 = Debug|Any CPU
		{8DF6CD9B-09C6-392C-B2EA-2D462949E397}.Release|Any CPU.ActiveCfg = Release|Any CPU
		{8DF6CD9B-09C6-392C-B2EA-2D462949E397}.Release|Any CPU.Build.0 = Release|Any CPU
	EndGlobalSection
	GlobalSection(SolutionProperties) = preSolution
		HideSolutionNode = FALSE
	EndGlobalSection
	GlobalSection(MonoDevelopProperties) = preSolution
		StartupItem = Assembly-CSharp.csproj
	EndGlobalSection
EndGlobal
