
Microsoft Visual Studio Solution File, Format Version 12.00
# Visual Studio 2015
Project("{FAE04EC0-301F-11D3-BF4B-00C04F79EFBC}") = "FieryOcean.Plugins", "FieryOcean.Plugins.csproj", "{C9FFC3B4-B31A-B203-95F9-2B358235F138}"
EndProject
Project("{FAE04EC0-301F-11D3-BF4B-00C04F79EFBC}") = "FieryOcean", "FieryOcean.csproj", "{AEB60FCA-C4E7-2939-72D3-B6AC6307407B}"
EndProject
Project("{FAE04EC0-301F-11D3-BF4B-00C04F79EFBC}") = "FieryOcean.Editor", "FieryOcean.Editor.csproj", "{911CC9A4-B048-7743-BB3D-BC4D80FC8FBC}"
EndProject
Global
	GlobalSection(SolutionConfigurationPlatforms) = preSolution
		Debug|Any CPU = Debug|Any CPU
		Release|Any CPU = Release|Any CPU
	EndGlobalSection
	GlobalSection(ProjectConfigurationPlatforms) = postSolution
		{C9FFC3B4-B31A-B203-95F9-2B358235F138}.Debug|Any CPU.ActiveCfg = Debug|Any CPU
		{C9FFC3B4-B31A-B203-95F9-2B358235F138}.Debug|Any CPU.Build.0 = Debug|Any CPU
		{C9FFC3B4-B31A-B203-95F9-2B358235F138}.Release|Any CPU.ActiveCfg = Release|Any CPU
		{C9FFC3B4-B31A-B203-95F9-2B358235F138}.Release|Any CPU.Build.0 = Release|Any CPU
		{AEB60FCA-C4E7-2939-72D3-B6AC6307407B}.Debug|Any CPU.ActiveCfg = Debug|Any CPU
		{AEB60FCA-C4E7-2939-72D3-B6AC6307407B}.Debug|Any CPU.Build.0 = Debug|Any CPU
		{AEB60FCA-C4E7-2939-72D3-B6AC6307407B}.Release|Any CPU.ActiveCfg = Release|Any CPU
		{AEB60FCA-C4E7-2939-72D3-B6AC6307407B}.Release|Any CPU.Build.0 = Release|Any CPU
		{911CC9A4-B048-7743-BB3D-BC4D80FC8FBC}.Debug|Any CPU.ActiveCfg = Debug|Any CPU
		{911CC9A4-B048-7743-BB3D-BC4D80FC8FBC}.Debug|Any CPU.Build.0 = Debug|Any CPU
		{911CC9A4-B048-7743-BB3D-BC4D80FC8FBC}.Release|Any CPU.ActiveCfg = Release|Any CPU
		{911CC9A4-B048-7743-BB3D-BC4D80FC8FBC}.Release|Any CPU.Build.0 = Release|Any CPU
	EndGlobalSection
	GlobalSection(SolutionProperties) = preSolution
		HideSolutionNode = FALSE
	EndGlobalSection
EndGlobal
